
Microsoft Visual Studio Solution File, Format Version 12.00
# Visual Studio Version 16
VisualStudioVersion = 16.0.30011.22
MinimumVisualStudioVersion = 10.0.40219.1
Project("{FAE04EC0-301F-11D3-BF4B-00C04F79EFBC}") = "GlassParameters", "GlassParameters\GlassParameters.csproj", "{2583F33A-3183-4B76-AFBD-1D923E73E4EA}"
EndProject
Project("{FAE04EC0-301F-11D3-BF4B-00C04F79EFBC}") = "GlassPluginUI", "GlassPluginUI\GlassPluginUI.csproj", "{23C2E7DC-9DB8-414F-BE0B-481F184C8346}"
EndProject
Project("{FAE04EC0-301F-11D3-BF4B-00C04F79EFBC}") = "GlassBuilder", "GlassBuilder\GlassBuilder.csproj", "{2AA55422-B00B-4115-8321-AB5525D10DF6}"
EndProject
Project("{FAE04EC0-301F-11D3-BF4B-00C04F79EFBC}") = "GlassPlugin.UnitTests", "GlassPlugin.UnitTests\GlassPlugin.UnitTests.csproj", "{A4E65ED6-9A7A-4D58-8FA2-76E4FBBE8430}"
EndProject
Global
	GlobalSection(SolutionConfigurationPlatforms) = preSolution
		Debug|Any CPU = Debug|Any CPU
		Release|Any CPU = Release|Any CPU
	EndGlobalSection
	GlobalSection(ProjectConfigurationPlatforms) = postSolution
		{2583F33A-3183-4B76-AFBD-1D923E73E4EA}.Debug|Any CPU.ActiveCfg = Debug|Any CPU
		{2583F33A-3183-4B76-AFBD-1D923E73E4EA}.Debug|Any CPU.Build.0 = Debug|Any CPU
		{2583F33A-3183-4B76-AFBD-1D923E73E4EA}.Release|Any CPU.ActiveCfg = Release|Any CPU
		{2583F33A-3183-4B76-AFBD-1D923E73E4EA}.Release|Any CPU.Build.0 = Release|Any CPU
		{23C2E7DC-9DB8-414F-BE0B-481F184C8346}.Debug|Any CPU.ActiveCfg = Debug|Any CPU
		{23C2E7DC-9DB8-414F-BE0B-481F184C8346}.Debug|Any CPU.Build.0 = Debug|Any CPU
		{23C2E7DC-9DB8-414F-BE0B-481F184C8346}.Release|Any CPU.ActiveCfg = Release|Any CPU
		{23C2E7DC-9DB8-414F-BE0B-481F184C8346}.Release|Any CPU.Build.0 = Release|Any CPU
		{2AA55422-B00B-4115-8321-AB5525D10DF6}.Debug|Any CPU.ActiveCfg = Debug|Any CPU
		{2AA55422-B00B-4115-8321-AB5525D10DF6}.Debug|Any CPU.Build.0 = Debug|Any CPU
		{2AA55422-B00B-4115-8321-AB5525D10DF6}.Release|Any CPU.ActiveCfg = Release|Any CPU
		{2AA55422-B00B-4115-8321-AB5525D10DF6}.Release|Any CPU.Build.0 = Release|Any CPU
		{A4E65ED6-9A7A-4D58-8FA2-76E4FBBE8430}.Debug|Any CPU.ActiveCfg = Debug|Any CPU
		{A4E65ED6-9A7A-4D58-8FA2-76E4FBBE8430}.Debug|Any CPU.Build.0 = Debug|Any CPU
		{A4E65ED6-9A7A-4D58-8FA2-76E4FBBE8430}.Release|Any CPU.ActiveCfg = Release|Any CPU
		{A4E65ED6-9A7A-4D58-8FA2-76E4FBBE8430}.Release|Any CPU.Build.0 = Release|Any CPU
	EndGlobalSection
	GlobalSection(SolutionProperties) = preSolution
		HideSolutionNode = FALSE
	EndGlobalSection
	GlobalSection(ExtensibilityGlobals) = postSolution
		SolutionGuid = {5E7EE086-E011-4C03-AB7B-CA2A48BBCDC2}
	EndGlobalSection
EndGlobal
